
Microsoft Visual Studio Solution File, Format Version 12.00
# Visual Studio Version 16
VisualStudioVersion = 16.0.31205.134
MinimumVisualStudioVersion = 10.0.40219.1
Project("{9A19103F-16F7-4668-BE54-9A1E7A4F7556}") = "Vigenere Cipher 11", "Vigenere Cipher 11\Vigenere Cipher 11.csproj", "{0D9FD145-5F25-4BAC-A8AA-AFC4E8AC90FB}"
EndProject
Project("{FAE04EC0-301F-11D3-BF4B-00C04F79EFBC}") = "ConsoleApp1", "ConsoleApp1\ConsoleApp1.csproj", "{BA707F58-4201-415A-973F-C37B7F3C85BB}"
EndProject
Global
	GlobalSection(SolutionConfigurationPlatforms) = preSolution
		Debug|Any CPU = Debug|Any CPU
		Release|Any CPU = Release|Any CPU
	EndGlobalSection
	GlobalSection(ProjectConfigurationPlatforms) = postSolution
		{0D9FD145-5F25-4BAC-A8AA-AFC4E8AC90FB}.Debug|Any CPU.ActiveCfg = Debug|Any CPU
		{0D9FD145-5F25-4BAC-A8AA-AFC4E8AC90FB}.Debug|Any CPU.Build.0 = Debug|Any CPU
		{0D9FD145-5F25-4BAC-A8AA-AFC4E8AC90FB}.Release|Any CPU.ActiveCfg = Release|Any CPU
		{0D9FD145-5F25-4BAC-A8AA-AFC4E8AC90FB}.Release|Any CPU.Build.0 = Release|Any CPU
		{BA707F58-4201-415A-973F-C37B7F3C85BB}.Debug|Any CPU.ActiveCfg = Debug|Any CPU
		{BA707F58-4201-415A-973F-C37B7F3C85BB}.Debug|Any CPU.Build.0 = Debug|Any CPU
		{BA707F58-4201-415A-973F-C37B7F3C85BB}.Release|Any CPU.ActiveCfg = Release|Any CPU
		{BA707F58-4201-415A-973F-C37B7F3C85BB}.Release|Any CPU.Build.0 = Release|Any CPU
	EndGlobalSection
	GlobalSection(SolutionProperties) = preSolution
		HideSolutionNode = FALSE
	EndGlobalSection
	GlobalSection(ExtensibilityGlobals) = postSolution
		SolutionGuid = {7D6C4602-737B-4022-BF1D-DDC5D69EDE2B}
	EndGlobalSection
EndGlobal
